
Microsoft Visual Studio Solution File, Format Version 12.00
# Visual Studio 15
VisualStudioVersion = 15.0.28307.421
MinimumVisualStudioVersion = 10.0.40219.1
Project("{FAE04EC0-301F-11D3-BF4B-00C04F79EFBC}") = "BowlingGameTDD", "BowlingGameTDD\BowlingGameTDD.csproj", "{ACD68A13-1745-42E7-BA95-B93F81337755}"
EndProject
Project("{FAE04EC0-301F-11D3-BF4B-00C04F79EFBC}") = "BowlingGameTDD.Tests", "BowlingGameTDD.Tests\BowlingGameTDD.Tests.csproj", "{DEF646B7-962F-4D7F-B036-F2FB6A95B09B}"
EndProject
Global
	GlobalSection(SolutionConfigurationPlatforms) = preSolution
		Debug|Any CPU = Debug|Any CPU
		Release|Any CPU = Release|Any CPU
	EndGlobalSection
	GlobalSection(ProjectConfigurationPlatforms) = postSolution
		{ACD68A13-1745-42E7-BA95-B93F81337755}.Debug|Any CPU.ActiveCfg = Debug|Any CPU
		{ACD68A13-1745-42E7-BA95-B93F81337755}.Debug|Any CPU.Build.0 = Debug|Any CPU
		{ACD68A13-1745-42E7-BA95-B93F81337755}.Release|Any CPU.ActiveCfg = Release|Any CPU
		{ACD68A13-1745-42E7-BA95-B93F81337755}.Release|Any CPU.Build.0 = Release|Any CPU
		{DEF646B7-962F-4D7F-B036-F2FB6A95B09B}.Debug|Any CPU.ActiveCfg = Debug|Any CPU
		{DEF646B7-962F-4D7F-B036-F2FB6A95B09B}.Debug|Any CPU.Build.0 = Debug|Any CPU
		{DEF646B7-962F-4D7F-B036-F2FB6A95B09B}.Release|Any CPU.ActiveCfg = Release|Any CPU
		{DEF646B7-962F-4D7F-B036-F2FB6A95B09B}.Release|Any CPU.Build.0 = Release|Any CPU
	EndGlobalSection
	GlobalSection(SolutionProperties) = preSolution
		HideSolutionNode = FALSE
	EndGlobalSection
	GlobalSection(ExtensibilityGlobals) = postSolution
		SolutionGuid = {78B9634D-1D36-43CF-964F-BD07131301B8}
	EndGlobalSection
EndGlobal
